// !$*UTF8*$!
{
	archiveVersion = 1;
	classes = {
	};
	objectVersion = 46;
	objects = {

/* Begin PBXBuildFile section */
		3F4FC7AC1E79A49700053969 /* AppDelegate.swift in Sources */ = {isa = PBXBuildFile; fileRef = 3F4FC7AB1E79A49700053969 /* AppDelegate.swift */; };
		3F4FC7AE1E79A49700053969 /* ViewController.swift in Sources */ = {isa = PBXBuildFile; fileRef = 3F4FC7AD1E79A49700053969 /* ViewController.swift */; };
		3F4FC7B11E79A49700053969 /* Main.storyboard in Resources */ = {isa = PBXBuildFile; fileRef = 3F4FC7AF1E79A49700053969 /* Main.storyboard */; };
		3F4FC7B31E79A49700053969 /* Assets.xcassets in Resources */ = {isa = PBXBuildFile; fileRef = 3F4FC7B21E79A49700053969 /* Assets.xcassets */; };
		3F4FC7B61E79A49700053969 /* LaunchScreen.storyboard in Resources */ = {isa = PBXBuildFile; fileRef = 3F4FC7B41E79A49700053969 /* LaunchScreen.storyboard */; };
		3F4FC7C11E79A49700053969 /* FinalMobileAppTests.swift in Sources */ = {isa = PBXBuildFile; fileRef = 3F4FC7C01E79A49700053969 /* FinalMobileAppTests.swift */; };
		3F4FC7CC1E79A49700053969 /* FinalMobileAppUITests.swift in Sources */ = {isa = PBXBuildFile; fileRef = 3F4FC7CB1E79A49700053969 /* FinalMobileAppUITests.swift */; };
/* End PBXBuildFile section */

/* Begin PBXContainerItemProxy section */
		3F4FC7BD1E79A49700053969 /* PBXContainerItemProxy */ = {
			isa = PBXContainerItemProxy;
			containerPortal = 3F4FC7A01E79A49700053969 /* Project object */;
			proxyType = 1;
			remoteGlobalIDString = 3F4FC7A71E79A49700053969;
			remoteInfo = FinalMobileApp;
		};
		3F4FC7C81E79A49700053969 /* PBXContainerItemProxy */ = {
			isa = PBXContainerItemProxy;
			containerPortal = 3F4FC7A01E79A49700053969 /* Project object */;
			proxyType = 1;
			remoteGlobalIDString = 3F4FC7A71E79A49700053969;
			remoteInfo = FinalMobileApp;
		};
/* End PBXContainerItemProxy section */

/* Begin PBXFileReference section */
		3F4FC7A81E79A49700053969 /* FinalMobileApp.app */ = {isa = PBXFileReference; explicitFileType = wrapper.application; includeInIndex = 0; path = FinalMobileApp.app; sourceTree = BUILT_PRODUCTS_DIR; };
		3F4FC7AB1E79A49700053969 /* AppDelegate.swift */ = {isa = PBXFileReference; lastKnownFileType = sourcecode.swift; path = AppDelegate.swift; sourceTree = "<group>"; };
		3F4FC7AD1E79A49700053969 /* ViewController.swift */ = {isa = PBXFileReference; lastKnownFileType = sourcecode.swift; path = ViewController.swift; sourceTree = "<group>"; };
		3F4FC7B01E79A49700053969 /* Base */ = {isa = PBXFileReference; lastKnownFileType = file.storyboard; name = Base; path = Base.lproj/Main.storyboard; sourceTree = "<group>"; };
		3F4FC7B21E79A49700053969 /* Assets.xcassets */ = {isa = PBXFileReference; lastKnownFileType = folder.assetcatalog; path = Assets.xcassets; sourceTree = "<group>"; };
		3F4FC7B51E79A49700053969 /* Base */ = {isa = PBXFileReference; lastKnownFileType = file.storyboard; name = Base; path = Base.lproj/LaunchScreen.storyboard; sourceTree = "<group>"; };
		3F4FC7B71E79A49700053969 /* Info.plist */ = {isa = PBXFileReference; lastKnownFileType = text.plist.xml; path = Info.plist; sourceTree = "<group>"; };
		3F4FC7BC1E79A49700053969 /* FinalMobileAppTests.xctest */ = {isa = PBXFileReference; explicitFileType = wrapper.cfbundle; includeInIndex = 0; path = FinalMobileAppTests.xctest; sourceTree = BUILT_PRODUCTS_DIR; };
		3F4FC7C01E79A49700053969 /* FinalMobileAppTests.swift */ = {isa = PBXFileReference; lastKnownFileType = sourcecode.swift; path = FinalMobileAppTests.swift; sourceTree = "<group>"; };
		3F4FC7C21E79A49700053969 /* Info.plist */ = {isa = PBXFileReference; lastKnownFileType = text.plist.xml; path = Info.plist; sourceTree = "<group>"; };
		3F4FC7C71E79A49700053969 /* FinalMobileAppUITests.xctest */ = {isa = PBXFileReference; explicitFileType = wrapper.cfbundle; includeInIndex = 0; path = FinalMobileAppUITests.xctest; sourceTree = BUILT_PRODUCTS_DIR; };
		3F4FC7CB1E79A49700053969 /* FinalMobileAppUITests.swift */ = {isa = PBXFileReference; lastKnownFileType = sourcecode.swift; path = FinalMobileAppUITests.swift; sourceTree = "<group>"; };
		3F4FC7CD1E79A49700053969 /* Info.plist */ = {isa = PBXFileReference; lastKnownFileType = text.plist.xml; path = Info.plist; sourceTree = "<group>"; };
/* End PBXFileReference section */

/* Begin PBXFrameworksBuildPhase section */
		3F4FC7A51E79A49700053969 /* Frameworks */ = {
			isa = PBXFrameworksBuildPhase;
			buildActionMask = 2147483647;
			files = (
			);
			runOnlyForDeploymentPostprocessing = 0;
		};
		3F4FC7B91E79A49700053969 /* Frameworks */ = {
			isa = PBXFrameworksBuildPhase;
			buildActionMask = 2147483647;
			files = (
			);
			runOnlyForDeploymentPostprocessing = 0;
		};
		3F4FC7C41E79A49700053969 /* Frameworks */ = {
			isa = PBXFrameworksBuildPhase;
			buildActionMask = 2147483647;
			files = (
			);
			runOnlyForDeploymentPostprocessing = 0;
		};
/* End PBXFrameworksBuildPhase section */

/* Begin PBXGroup section */
		3F4FC79F1E79A49700053969 = {
			isa = PBXGroup;
			children = (
				3F4FC7AA1E79A49700053969 /* FinalMobileApp */,
				3F4FC7BF1E79A49700053969 /* FinalMobileAppTests */,
				3F4FC7CA1E79A49700053969 /* FinalMobileAppUITests */,
				3F4FC7A91E79A49700053969 /* Products */,
			);
			sourceTree = "<group>";
		};
		3F4FC7A91E79A49700053969 /* Products */ = {
			isa = PBXGroup;
			children = (
				3F4FC7A81E79A49700053969 /* FinalMobileApp.app */,
				3F4FC7BC1E79A49700053969 /* FinalMobileAppTests.xctest */,
				3F4FC7C71E79A49700053969 /* FinalMobileAppUITests.xctest */,
			);
			name = Products;
			sourceTree = "<group>";
		};
		3F4FC7AA1E79A49700053969 /* FinalMobileApp */ = {
			isa = PBXGroup;
			children = (
				3F4FC7AB1E79A49700053969 /* AppDelegate.swift */,
				3F4FC7AD1E79A49700053969 /* ViewController.swift */,
				3F4FC7AF1E79A49700053969 /* Main.storyboard */,
				3F4FC7B41E79A49700053969 /* LaunchScreen.storyboard */,
				3F4FC7B21E79A49700053969 /* Assets.xcassets */,
				3F4FC7B71E79A49700053969 /* Info.plist */,
			);
			path = FinalMobileApp;
			sourceTree = "<group>";
		};
		3F4FC7BF1E79A49700053969 /* FinalMobileAppTests */ = {
			isa = PBXGroup;
			children = (
				3F4FC7C01E79A49700053969 /* FinalMobileAppTests.swift */,
				3F4FC7C21E79A49700053969 /* Info.plist */,
			);
			path = FinalMobileAppTests;
			sourceTree = "<group>";
		};
		3F4FC7CA1E79A49700053969 /* FinalMobileAppUITests */ = {
			isa = PBXGroup;
			children = (
				3F4FC7CB1E79A49700053969 /* FinalMobileAppUITests.swift */,
				3F4FC7CD1E79A49700053969 /* Info.plist */,
			);
			path = FinalMobileAppUITests;
			sourceTree = "<group>";
		};
/* End PBXGroup section */

/* Begin PBXNativeTarget section */
		3F4FC7A71E79A49700053969 /* FinalMobileApp */ = {
			isa = PBXNativeTarget;
			buildConfigurationList = 3F4FC7D01E79A49700053969 /* Build configuration list for PBXNativeTarget "FinalMobileApp" */;
			buildPhases = (
				3F4FC7A41E79A49700053969 /* Sources */,
				3F4FC7A51E79A49700053969 /* Frameworks */,
				3F4FC7A61E79A49700053969 /* Resources */,
			);
			buildRules = (
			);
			dependencies = (
			);
			name = FinalMobileApp;
			productName = FinalMobileApp;
			productReference = 3F4FC7A81E79A49700053969 /* FinalMobileApp.app */;
			productType = "com.apple.product-type.application";
		};
		3F4FC7BB1E79A49700053969 /* FinalMobileAppTests */ = {
			isa = PBXNativeTarget;
			buildConfigurationList = 3F4FC7D31E79A49700053969 /* Build configuration list for PBXNativeTarget "FinalMobileAppTests" */;
			buildPhases = (
				3F4FC7B81E79A49700053969 /* Sources */,
				3F4FC7B91E79A49700053969 /* Frameworks */,
				3F4FC7BA1E79A49700053969 /* Resources */,
			);
			buildRules = (
			);
			dependencies = (
				3F4FC7BE1E79A49700053969 /* PBXTargetDependency */,
			);
			name = FinalMobileAppTests;
			productName = FinalMobileAppTests;
			productReference = 3F4FC7BC1E79A49700053969 /* FinalMobileAppTests.xctest */;
			productType = "com.apple.product-type.bundle.unit-test";
		};
		3F4FC7C61E79A49700053969 /* FinalMobileAppUITests */ = {
			isa = PBXNativeTarget;
			buildConfigurationList = 3F4FC7D61E79A49700053969 /* Build configuration list for PBXNativeTarget "FinalMobileAppUITests" */;
			buildPhases = (
				3F4FC7C31E79A49700053969 /* Sources */,
				3F4FC7C41E79A49700053969 /* Frameworks */,
				3F4FC7C51E79A49700053969 /* Resources */,
			);
			buildRules = (
			);
			dependencies = (
				3F4FC7C91E79A49700053969 /* PBXTargetDependency */,
			);
			name = FinalMobileAppUITests;
			productName = FinalMobileAppUITests;
			productReference = 3F4FC7C71E79A49700053969 /* FinalMobileAppUITests.xctest */;
			productType = "com.apple.product-type.bundle.ui-testing";
		};
/* End PBXNativeTarget section */

/* Begin PBXProject section */
		3F4FC7A01E79A49700053969 /* Project object */ = {
			isa = PBXProject;
			attributes = {
				LastSwiftUpdateCheck = 0800;
				LastUpgradeCheck = 0800;
				ORGANIZATIONNAME = "Richie Gurgul";
				TargetAttributes = {
					3F4FC7A71E79A49700053969 = {
						CreatedOnToolsVersion = 8.0;
						ProvisioningStyle = Automatic;
					};
					3F4FC7BB1E79A49700053969 = {
						CreatedOnToolsVersion = 8.0;
						ProvisioningStyle = Automatic;
						TestTargetID = 3F4FC7A71E79A49700053969;
					};
					3F4FC7C61E79A49700053969 = {
						CreatedOnToolsVersion = 8.0;
						ProvisioningStyle = Automatic;
						TestTargetID = 3F4FC7A71E79A49700053969;
					};
				};
			};
			buildConfigurationList = 3F4FC7A31E79A49700053969 /* Build configuration list for PBXProject "FinalMobileApp" */;
			compatibilityVersion = "Xcode 3.2";
			developmentRegion = English;
			hasScannedForEncodings = 0;
			knownRegions = (
				en,
				Base,
			);
			mainGroup = 3F4FC79F1E79A49700053969;
			productRefGroup = 3F4FC7A91E79A49700053969 /* Products */;
			projectDirPath = "";
			projectRoot = "";
			targets = (
				3F4FC7A71E79A49700053969 /* FinalMobileApp */,
				3F4FC7BB1E79A49700053969 /* FinalMobileAppTests */,
				3F4FC7C61E79A49700053969 /* FinalMobileAppUITests */,
			);
		};
/* End PBXProject section */

/* Begin PBXResourcesBuildPhase section */
		3F4FC7A61E79A49700053969 /* Resources */ = {
			isa = PBXResourcesBuildPhase;
			buildActionMask = 2147483647;
			files = (
				3F4FC7B61E79A49700053969 /* LaunchScreen.storyboard in Resources */,
				3F4FC7B31E79A49700053969 /* Assets.xcassets in Resources */,
				3F4FC7B11E79A49700053969 /* Main.storyboard in Resources */,
			);
			runOnlyForDeploymentPostprocessing = 0;
		};
		3F4FC7BA1E79A49700053969 /* Resources */ = {
			isa = PBXResourcesBuildPhase;
			buildActionMask = 2147483647;
			files = (
			);
			runOnlyForDeploymentPostprocessing = 0;
		};
		3F4FC7C51E79A49700053969 /* Resources */ = {
			isa = PBXResourcesBuildPhase;
			buildActionMask = 2147483647;
			files = (
			);
			runOnlyForDeploymentPostprocessing = 0;
		};
/* End PBXResourcesBuildPhase section */

/* Begin PBXSourcesBuildPhase section */
		3F4FC7A41E79A49700053969 /* Sources */ = {
			isa = PBXSourcesBuildPhase;
			buildActionMask = 2147483647;
			files = (
				3F4FC7AE1E79A49700053969 /* ViewController.swift in Sources */,
				3F4FC7AC1E79A49700053969 /* AppDelegate.swift in Sources */,
			);
			runOnlyForDeploymentPostprocessing = 0;
		};
		3F4FC7B81E79A49700053969 /* Sources */ = {
			isa = PBXSourcesBuildPhase;
			buildActionMask = 2147483647;
			files = (
				3F4FC7C11E79A49700053969 /* FinalMobileAppTests.swift in Sources */,
			);
			runOnlyForDeploymentPostprocessing = 0;
		};
		3F4FC7C31E79A49700053969 /* Sources */ = {
			isa = PBXSourcesBuildPhase;
			buildActionMask = 2147483647;
			files = (
				3F4FC7CC1E79A49700053969 /* FinalMobileAppUITests.swift in Sources */,
			);
			runOnlyForDeploymentPostprocessing = 0;
		};
/* End PBXSourcesBuildPhase section */

/* Begin PBXTargetDependency section */
		3F4FC7BE1E79A49700053969 /* PBXTargetDependency */ = {
			isa = PBXTargetDependency;
			target = 3F4FC7A71E79A49700053969 /* FinalMobileApp */;
			targetProxy = 3F4FC7BD1E79A49700053969 /* PBXContainerItemProxy */;
		};
		3F4FC7C91E79A49700053969 /* PBXTargetDependency */ = {
			isa = PBXTargetDependency;
			target = 3F4FC7A71E79A49700053969 /* FinalMobileApp */;
			targetProxy = 3F4FC7C81E79A49700053969 /* PBXContainerItemProxy */;
		};
/* End PBXTargetDependency section */

/* Begin PBXVariantGroup section */
		3F4FC7AF1E79A49700053969 /* Main.storyboard */ = {
			isa = PBXVariantGroup;
			children = (
				3F4FC7B01E79A49700053969 /* Base */,
			);
			name = Main.storyboard;
			sourceTree = "<group>";
		};
		3F4FC7B41E79A49700053969 /* LaunchScreen.storyboard */ = {
			isa = PBXVariantGroup;
			children = (
				3F4FC7B51E79A49700053969 /* Base */,
			);
			name = LaunchScreen.storyboard;
			sourceTree = "<group>";
		};
/* End PBXVariantGroup section */

/* Begin XCBuildConfiguration section */
		3F4FC7CE1E79A49700053969 /* Debug */ = {
			isa = XCBuildConfiguration;
			buildSettings = {
				ALWAYS_SEARCH_USER_PATHS = NO;
				CLANG_ANALYZER_NONNULL = YES;
				CLANG_CXX_LANGUAGE_STANDARD = "gnu++0x";
				CLANG_CXX_LIBRARY = "libc++";
				CLANG_ENABLE_MODULES = YES;
				CLANG_ENABLE_OBJC_ARC = YES;
				CLANG_WARN_BOOL_CONVERSION = YES;
				CLANG_WARN_CONSTANT_CONVERSION = YES;
				CLANG_WARN_DIRECT_OBJC_ISA_USAGE = YES_ERROR;
				CLANG_WARN_DOCUMENTATION_COMMENTS = YES;
				CLANG_WARN_EMPTY_BODY = YES;
				CLANG_WARN_ENUM_CONVERSION = YES;
				CLANG_WARN_INFINITE_RECURSION = YES;
				CLANG_WARN_INT_CONVERSION = YES;
				CLANG_WARN_OBJC_ROOT_CLASS = YES_ERROR;
				CLANG_WARN_SUSPICIOUS_MOVES = YES;
				CLANG_WARN_UNREACHABLE_CODE = YES;
				CLANG_WARN__DUPLICATE_METHOD_MATCH = YES;
				"CODE_SIGN_IDENTITY[sdk=iphoneos*]" = "iPhone Developer";
				COPY_PHASE_STRIP = NO;
				DEBUG_INFORMATION_FORMAT = dwarf;
				ENABLE_STRICT_OBJC_MSGSEND = YES;
				ENABLE_TESTABILITY = YES;
				GCC_C_LANGUAGE_STANDARD = gnu99;
				GCC_DYNAMIC_NO_PIC = NO;
				GCC_NO_COMMON_BLOCKS = YES;
				GCC_OPTIMIZATION_LEVEL = 0;
				GCC_PREPROCESSOR_DEFINITIONS = (
					"DEBUG=1",
					"$(inherited)",
				);
				GCC_WARN_64_TO_32_BIT_CONVERSION = YES;
				GCC_WARN_ABOUT_RETURN_TYPE = YES_ERROR;
				GCC_WARN_UNDECLARED_SELECTOR = YES;
				GCC_WARN_UNINITIALIZED_AUTOS = YES_AGGRESSIVE;
				GCC_WARN_UNUSED_FUNCTION = YES;
				GCC_WARN_UNUSED_VARIABLE = YES;
				IPHONEOS_DEPLOYMENT_TARGET = 10.0;
				MTL_ENABLE_DEBUG_INFO = YES;
				ONLY_ACTIVE_ARCH = YES;
				SDKROOT = iphoneos;
				SWIFT_ACTIVE_COMPILATION_CONDITIONS = DEBUG;
				SWIFT_OPTIMIZATION_LEVEL = "-Onone";
				TARGETED_DEVICE_FAMILY = "1,2";
			};
			name = Debug;
		};
		3F4FC7CF1E79A49700053969 /* Release */ = {
			isa = XCBuildConfiguration;
			buildSettings = {
				ALWAYS_SEARCH_USER_PATHS = NO;
				CLANG_ANALYZER_NONNULL = YES;
				CLANG_CXX_LANGUAGE_STANDARD = "gnu++0x";
				CLANG_CXX_LIBRARY = "libc++";
				CLANG_ENABLE_MODULES = YES;
				CLANG_ENABLE_OBJC_ARC = YES;
				CLANG_WARN_BOOL_CONVERSION = YES;
				CLANG_WARN_CONSTANT_CONVERSION = YES;
				CLANG_WARN_DIRECT_OBJC_ISA_USAGE = YES_ERROR;
				CLANG_WARN_DOCUMENTATION_COMMENTS = YES;
				CLANG_WARN_EMPTY_BODY = YES;
				CLANG_WARN_ENUM_CONVERSION = YES;
				CLANG_WARN_INFINITE_RECURSION = YES;
				CLANG_WARN_INT_CONVERSION = YES;
				CLANG_WARN_OBJC_ROOT_CLASS = YES_ERROR;
				CLANG_WARN_SUSPICIOUS_MOVES = YES;
				CLANG_WARN_UNREACHABLE_CODE = YES;
				CLANG_WARN__DUPLICATE_METHOD_MATCH = YES;
				"CODE_SIGN_IDENTITY[sdk=iphoneos*]" = "iPhone Developer";
				COPY_PHASE_STRIP = NO;
				DEBUG_INFORMATION_FORMAT = "dwarf-with-dsym";
				ENABLE_NS_ASSERTIONS = NO;
				ENABLE_STRICT_OBJC_MSGSEND = YES;
				GCC_C_LANGUAGE_STANDARD = gnu99;
				GCC_NO_COMMON_BLOCKS = YES;
				GCC_WARN_64_TO_32_BIT_CONVERSION = YES;
				GCC_WARN_ABOUT_RETURN_TYPE = YES_ERROR;
				GCC_WARN_UNDECLARED_SELECTOR = YES;
				GCC_WARN_UNINITIALIZED_AUTOS = YES_AGGRESSIVE;
				GCC_WARN_UNUSED_FUNCTION = YES;
				GCC_WARN_UNUSED_VARIABLE = YES;
				IPHONEOS_DEPLOYMENT_TARGET = 10.0;
				MTL_ENABLE_DEBUG_INFO = NO;
				SDKROOT = iphoneos;
				SWIFT_OPTIMIZATION_LEVEL = "-Owholemodule";
				TARGETED_DEVICE_FAMILY = "1,2";
				VALIDATE_PRODUCT = YES;
			};
			name = Release;
		};
		3F4FC7D11E79A49700053969 /* Debug */ = {
			isa = XCBuildConfiguration;
			buildSettings = {
				ASSETCATALOG_COMPILER_APPICON_NAME = AppIcon;
				INFOPLIST_FILE = FinalMobileApp/Info.plist;
				LD_RUNPATH_SEARCH_PATHS = "$(inherited) @executable_path/Frameworks";
				PRODUCT_BUNDLE_IDENTIFIER = MobileApps.FinalMobileApp;
				PRODUCT_NAME = "$(TARGET_NAME)";
				SWIFT_VERSION = 3.0;
			};
			name = Debug;
		};
		3F4FC7D21E79A49700053969 /* Release */ = {
			isa = XCBuildConfiguration;
			buildSettings = {
				ASSETCATALOG_COMPILER_APPICON_NAME = AppIcon;
				INFOPLIST_FILE = FinalMobileApp/Info.plist;
				LD_RUNPATH_SEARCH_PATHS = "$(inherited) @executable_path/Frameworks";
				PRODUCT_BUNDLE_IDENTIFIER = MobileApps.FinalMobileApp;
				PRODUCT_NAME = "$(TARGET_NAME)";
				SWIFT_VERSION = 3.0;
			};
			name = Release;
		};
		3F4FC7D41E79A49700053969 /* Debug */ = {
			isa = XCBuildConfiguration;
			buildSettings = {
				ALWAYS_EMBED_SWIFT_STANDARD_LIBRARIES = YES;
				BUNDLE_LOADER = "$(TEST_HOST)";
				INFOPLIST_FILE = FinalMobileAppTests/Info.plist;
				LD_RUNPATH_SEARCH_PATHS = "$(inherited) @executable_path/Frameworks @loader_path/Frameworks";
				PRODUCT_BUNDLE_IDENTIFIER = MobileApps.FinalMobileAppTests;
				PRODUCT_NAME = "$(TARGET_NAME)";
				SWIFT_VERSION = 3.0;
				TEST_HOST = "$(BUILT_PRODUCTS_DIR)/FinalMobileApp.app/FinalMobileApp";
			};
			name = Debug;
		};
		3F4FC7D51E79A49700053969 /* Release */ = {
			isa = XCBuildConfiguration;
			buildSettings = {
				ALWAYS_EMBED_SWIFT_STANDARD_LIBRARIES = YES;
				BUNDLE_LOADER = "$(TEST_HOST)";
				INFOPLIST_FILE = FinalMobileAppTests/Info.plist;
				LD_RUNPATH_SEARCH_PATHS = "$(inherited) @executable_path/Frameworks @loader_path/Frameworks";
				PRODUCT_BUNDLE_IDENTIFIER = MobileApps.FinalMobileAppTests;
				PRODUCT_NAME = "$(TARGET_NAME)";
				SWIFT_VERSION = 3.0;
				TEST_HOST = "$(BUILT_PRODUCTS_DIR)/FinalMobileApp.app/FinalMobileApp";
			};
			name = Release;
		};
		3F4FC7D71E79A49700053969 /* Debug */ = {
			isa = XCBuildConfiguration;
			buildSettings = {
				ALWAYS_EMBED_SWIFT_STANDARD_LIBRARIES = YES;
				INFOPLIST_FILE = FinalMobileAppUITests/Info.plist;
				LD_RUNPATH_SEARCH_PATHS = "$(inherited) @executable_path/Frameworks @loader_path/Frameworks";
				PRODUCT_BUNDLE_IDENTIFIER = MobileApps.FinalMobileAppUITests;
				PRODUCT_NAME = "$(TARGET_NAME)";
				SWIFT_VERSION = 3.0;
				TEST_TARGET_NAME = FinalMobileApp;
			};
			name = Debug;
		};
		3F4FC7D81E79A49700053969 /* Release */ = {
			isa = XCBuildConfiguration;
			buildSettings = {
				ALWAYS_EMBED_SWIFT_STANDARD_LIBRARIES = YES;
				INFOPLIST_FILE = FinalMobileAppUITests/Info.plist;
				LD_RUNPATH_SEARCH_PATHS = "$(inherited) @executable_path/Frameworks @loader_path/Frameworks";
				PRODUCT_BUNDLE_IDENTIFIER = MobileApps.FinalMobileAppUITests;
				PRODUCT_NAME = "$(TARGET_NAME)";
				SWIFT_VERSION = 3.0;
				TEST_TARGET_NAME = FinalMobileApp;
			};
			name = Release;
		};
/* End XCBuildConfiguration section */

/* Begin XCConfigurationList section */
		3F4FC7A31E79A49700053969 /* Build configuration list for PBXProject "FinalMobileApp" */ = {
			isa = XCConfigurationList;
			buildConfigurations = (
				3F4FC7CE1E79A49700053969 /* Debug */,
				3F4FC7CF1E79A49700053969 /* Release */,
			);
			defaultConfigurationIsVisible = 0;
			defaultConfigurationName = Release;
		};
		3F4FC7D01E79A49700053969 /* Build configuration list for PBXNativeTarget "FinalMobileApp" */ = {
			isa = XCConfigurationList;
			buildConfigurations = (
				3F4FC7D11E79A49700053969 /* Debug */,
				3F4FC7D21E79A49700053969 /* Release */,
			);
			defaultConfigurationIsVisible = 0;
		};
		3F4FC7D31E79A49700053969 /* Build configuration list for PBXNativeTarget "FinalMobileAppTests" */ = {
			isa = XCConfigurationList;
			buildConfigurations = (
				3F4FC7D41E79A49700053969 /* Debug */,
				3F4FC7D51E79A49700053969 /* Release */,
			);
			defaultConfigurationIsVisible = 0;
		};
		3F4FC7D61E79A49700053969 /* Build configuration list for PBXNativeTarget "FinalMobileAppUITests" */ = {
			isa = XCConfigurationList;
			buildConfigurations = (
				3F4FC7D71E79A49700053969 /* Debug */,
				3F4FC7D81E79A49700053969 /* Release */,
			);
			defaultConfigurationIsVisible = 0;
		};
/* End XCConfigurationList section */
	};
	rootObject = 3F4FC7A01E79A49700053969 /* Project object */;
}
